{"is_source_file": true, "file_id": 2, "git_revision": "fc9f7569c26b8e908d751b1d8e1cc5ba5e7b5a38", "state": 1, "description": "", "external_files": [], "external_methods": [], "published": [], "classes": [], "methods": [], "calls": [], "search-terms": [], "hash": "e9b4c3b42cef0193b7fddb548d37e652", "format-version": 4, "code-base-name": "android_mobile_app", "filename": "android_mobile_app/post_process_status.lock", "knowledge_revision": 3}